// !$*UTF8*$!
{
	archiveVersion = 1;
	classes = {
	};
	objectVersion = 56;
	objects = {

/* Begin PBXBuildFile section */
		3B37AD847C5196D8937DBE46 /* Pods_AppStoreCloneRxSwift_AppStoreCloneRxSwiftUITests.framework in Frameworks */ = {isa = PBXBuildFile; fileRef = 6AC23B2AFD76FBD665CC0FD9 /* Pods_AppStoreCloneRxSwift_AppStoreCloneRxSwiftUITests.framework */; };
		99CE1A76C31908D1DB853653 /* Pods_AppStoreCloneRxSwift.framework in Frameworks */ = {isa = PBXBuildFile; fileRef = 4BF354BB5B7C0F222D81A1B1 /* Pods_AppStoreCloneRxSwift.framework */; };
		F113F8B92C42635600C3BB24 /* README.md in Resources */ = {isa = PBXBuildFile; fileRef = F113F8B82C42635600C3BB24 /* README.md */; };
		F1F7E2512C425C7100DB2A42 /* AppDelegate.swift in Sources */ = {isa = PBXBuildFile; fileRef = F1F7E2502C425C7100DB2A42 /* AppDelegate.swift */; };
		F1F7E2532C425C7100DB2A42 /* SceneDelegate.swift in Sources */ = {isa = PBXBuildFile; fileRef = F1F7E2522C425C7100DB2A42 /* SceneDelegate.swift */; };
		F1F7E2552C425C7100DB2A42 /* ViewController.swift in Sources */ = {isa = PBXBuildFile; fileRef = F1F7E2542C425C7100DB2A42 /* ViewController.swift */; };
		F1F7E2582C425C7100DB2A42 /* Main.storyboard in Resources */ = {isa = PBXBuildFile; fileRef = F1F7E2562C425C7100DB2A42 /* Main.storyboard */; };
		F1F7E25B2C425C7100DB2A42 /* AppStoreCloneRxSwift.xcdatamodeld in Sources */ = {isa = PBXBuildFile; fileRef = F1F7E2592C425C7100DB2A42 /* AppStoreCloneRxSwift.xcdatamodeld */; };
		F1F7E25D2C425C7200DB2A42 /* Assets.xcassets in Resources */ = {isa = PBXBuildFile; fileRef = F1F7E25C2C425C7200DB2A42 /* Assets.xcassets */; };
		F1F7E2602C425C7200DB2A42 /* LaunchScreen.storyboard in Resources */ = {isa = PBXBuildFile; fileRef = F1F7E25E2C425C7200DB2A42 /* LaunchScreen.storyboard */; };
		F1F7E26B2C425C7200DB2A42 /* AppStoreCloneRxSwiftTests.swift in Sources */ = {isa = PBXBuildFile; fileRef = F1F7E26A2C425C7200DB2A42 /* AppStoreCloneRxSwiftTests.swift */; };
		F1F7E2752C425C7200DB2A42 /* AppStoreCloneRxSwiftUITests.swift in Sources */ = {isa = PBXBuildFile; fileRef = F1F7E2742C425C7200DB2A42 /* AppStoreCloneRxSwiftUITests.swift */; };
		F1F7E2772C425C7200DB2A42 /* AppStoreCloneRxSwiftUITestsLaunchTests.swift in Sources */ = {isa = PBXBuildFile; fileRef = F1F7E2762C425C7200DB2A42 /* AppStoreCloneRxSwiftUITestsLaunchTests.swift */; };
		FD7F31CA7E592005C80DA041 /* Pods_AppStoreCloneRxSwiftTests.framework in Frameworks */ = {isa = PBXBuildFile; fileRef = FD4AF7C9BA7E7031D55924E4 /* Pods_AppStoreCloneRxSwiftTests.framework */; };
/* End PBXBuildFile section */

/* Begin PBXContainerItemProxy section */
		F1F7E2672C425C7200DB2A42 /* PBXContainerItemProxy */ = {
			isa = PBXContainerItemProxy;
			containerPortal = F1F7E2452C425C7100DB2A42 /* Project object */;
			proxyType = 1;
			remoteGlobalIDString = F1F7E24C2C425C7100DB2A42;
			remoteInfo = AppStoreCloneRxSwift;
		};
		F1F7E2712C425C7200DB2A42 /* PBXContainerItemProxy */ = {
			isa = PBXContainerItemProxy;
			containerPortal = F1F7E2452C425C7100DB2A42 /* Project object */;
			proxyType = 1;
			remoteGlobalIDString = F1F7E24C2C425C7100DB2A42;
			remoteInfo = AppStoreCloneRxSwift;
		};
/* End PBXContainerItemProxy section */

/* Begin PBXFileReference section */
		15CFE9350690A7C45F62C6C9 /* Pods-AppStoreCloneRxSwift-AppStoreCloneRxSwiftUITests.release.xcconfig */ = {isa = PBXFileReference; includeInIndex = 1; lastKnownFileType = text.xcconfig; name = "Pods-AppStoreCloneRxSwift-AppStoreCloneRxSwiftUITests.release.xcconfig"; path = "Target Support Files/Pods-AppStoreCloneRxSwift-AppStoreCloneRxSwiftUITests/Pods-AppStoreCloneRxSwift-AppStoreCloneRxSwiftUITests.release.xcconfig"; sourceTree = "<group>"; };
		161F65F91F50D3036BC5DF23 /* Pods-AppStoreCloneRxSwift.release.xcconfig */ = {isa = PBXFileReference; includeInIndex = 1; lastKnownFileType = text.xcconfig; name = "Pods-AppStoreCloneRxSwift.release.xcconfig"; path = "Target Support Files/Pods-AppStoreCloneRxSwift/Pods-AppStoreCloneRxSwift.release.xcconfig"; sourceTree = "<group>"; };
		3AA1BE30BF613C98975F29EF /* Pods-AppStoreCloneRxSwift.debug.xcconfig */ = {isa = PBXFileReference; includeInIndex = 1; lastKnownFileType = text.xcconfig; name = "Pods-AppStoreCloneRxSwift.debug.xcconfig"; path = "Target Support Files/Pods-AppStoreCloneRxSwift/Pods-AppStoreCloneRxSwift.debug.xcconfig"; sourceTree = "<group>"; };
		4BF354BB5B7C0F222D81A1B1 /* Pods_AppStoreCloneRxSwift.framework */ = {isa = PBXFileReference; explicitFileType = wrapper.framework; includeInIndex = 0; path = Pods_AppStoreCloneRxSwift.framework; sourceTree = BUILT_PRODUCTS_DIR; };
		6A939C468BDB36D1056CA06F /* Pods-AppStoreCloneRxSwiftTests.release.xcconfig */ = {isa = PBXFileReference; includeInIndex = 1; lastKnownFileType = text.xcconfig; name = "Pods-AppStoreCloneRxSwiftTests.release.xcconfig"; path = "Target Support Files/Pods-AppStoreCloneRxSwiftTests/Pods-AppStoreCloneRxSwiftTests.release.xcconfig"; sourceTree = "<group>"; };
		6AC23B2AFD76FBD665CC0FD9 /* Pods_AppStoreCloneRxSwift_AppStoreCloneRxSwiftUITests.framework */ = {isa = PBXFileReference; explicitFileType = wrapper.framework; includeInIndex = 0; path = Pods_AppStoreCloneRxSwift_AppStoreCloneRxSwiftUITests.framework; sourceTree = BUILT_PRODUCTS_DIR; };
		762855110975AD4CFEE06C46 /* Pods-AppStoreCloneRxSwiftTests.debug.xcconfig */ = {isa = PBXFileReference; includeInIndex = 1; lastKnownFileType = text.xcconfig; name = "Pods-AppStoreCloneRxSwiftTests.debug.xcconfig"; path = "Target Support Files/Pods-AppStoreCloneRxSwiftTests/Pods-AppStoreCloneRxSwiftTests.debug.xcconfig"; sourceTree = "<group>"; };
		F0C64A2A8CB336F817E2DDEF /* Pods-AppStoreCloneRxSwift-AppStoreCloneRxSwiftUITests.debug.xcconfig */ = {isa = PBXFileReference; includeInIndex = 1; lastKnownFileType = text.xcconfig; name = "Pods-AppStoreCloneRxSwift-AppStoreCloneRxSwiftUITests.debug.xcconfig"; path = "Target Support Files/Pods-AppStoreCloneRxSwift-AppStoreCloneRxSwiftUITests/Pods-AppStoreCloneRxSwift-AppStoreCloneRxSwiftUITests.debug.xcconfig"; sourceTree = "<group>"; };
		F113F8B82C42635600C3BB24 /* README.md */ = {isa = PBXFileReference; fileEncoding = 4; lastKnownFileType = net.daringfireball.markdown; path = README.md; sourceTree = SOURCE_ROOT; };
		F1F7E24D2C425C7100DB2A42 /* AppStoreCloneRxSwift.app */ = {isa = PBXFileReference; explicitFileType = wrapper.application; includeInIndex = 0; path = AppStoreCloneRxSwift.app; sourceTree = BUILT_PRODUCTS_DIR; };
		F1F7E2502C425C7100DB2A42 /* AppDelegate.swift */ = {isa = PBXFileReference; lastKnownFileType = sourcecode.swift; path = AppDelegate.swift; sourceTree = "<group>"; };
		F1F7E2522C425C7100DB2A42 /* SceneDelegate.swift */ = {isa = PBXFileReference; lastKnownFileType = sourcecode.swift; path = SceneDelegate.swift; sourceTree = "<group>"; };
		F1F7E2542C425C7100DB2A42 /* ViewController.swift */ = {isa = PBXFileReference; lastKnownFileType = sourcecode.swift; path = ViewController.swift; sourceTree = "<group>"; };
		F1F7E2572C425C7100DB2A42 /* Base */ = {isa = PBXFileReference; lastKnownFileType = file.storyboard; name = Base; path = Base.lproj/Main.storyboard; sourceTree = "<group>"; };
		F1F7E25A2C425C7100DB2A42 /* AppStoreCloneRxSwift.xcdatamodel */ = {isa = PBXFileReference; lastKnownFileType = wrapper.xcdatamodel; path = AppStoreCloneRxSwift.xcdatamodel; sourceTree = "<group>"; };
		F1F7E25C2C425C7200DB2A42 /* Assets.xcassets */ = {isa = PBXFileReference; lastKnownFileType = folder.assetcatalog; path = Assets.xcassets; sourceTree = "<group>"; };
		F1F7E25F2C425C7200DB2A42 /* Base */ = {isa = PBXFileReference; lastKnownFileType = file.storyboard; name = Base; path = Base.lproj/LaunchScreen.storyboard; sourceTree = "<group>"; };
		F1F7E2612C425C7200DB2A42 /* Info.plist */ = {isa = PBXFileReference; lastKnownFileType = text.plist.xml; path = Info.plist; sourceTree = "<group>"; };
		F1F7E2662C425C7200DB2A42 /* AppStoreCloneRxSwiftTests.xctest */ = {isa = PBXFileReference; explicitFileType = wrapper.cfbundle; includeInIndex = 0; path = AppStoreCloneRxSwiftTests.xctest; sourceTree = BUILT_PRODUCTS_DIR; };
		F1F7E26A2C425C7200DB2A42 /* AppStoreCloneRxSwiftTests.swift */ = {isa = PBXFileReference; lastKnownFileType = sourcecode.swift; path = AppStoreCloneRxSwiftTests.swift; sourceTree = "<group>"; };
		F1F7E2702C425C7200DB2A42 /* AppStoreCloneRxSwiftUITests.xctest */ = {isa = PBXFileReference; explicitFileType = wrapper.cfbundle; includeInIndex = 0; path = AppStoreCloneRxSwiftUITests.xctest; sourceTree = BUILT_PRODUCTS_DIR; };
		F1F7E2742C425C7200DB2A42 /* AppStoreCloneRxSwiftUITests.swift */ = {isa = PBXFileReference; lastKnownFileType = sourcecode.swift; path = AppStoreCloneRxSwiftUITests.swift; sourceTree = "<group>"; };
		F1F7E2762C425C7200DB2A42 /* AppStoreCloneRxSwiftUITestsLaunchTests.swift */ = {isa = PBXFileReference; lastKnownFileType = sourcecode.swift; path = AppStoreCloneRxSwiftUITestsLaunchTests.swift; sourceTree = "<group>"; };
		FD4AF7C9BA7E7031D55924E4 /* Pods_AppStoreCloneRxSwiftTests.framework */ = {isa = PBXFileReference; explicitFileType = wrapper.framework; includeInIndex = 0; path = Pods_AppStoreCloneRxSwiftTests.framework; sourceTree = BUILT_PRODUCTS_DIR; };
/* End PBXFileReference section */

/* Begin PBXFrameworksBuildPhase section */
		F1F7E24A2C425C7100DB2A42 /* Frameworks */ = {
			isa = PBXFrameworksBuildPhase;
			buildActionMask = 2147483647;
			files = (
				99CE1A76C31908D1DB853653 /* Pods_AppStoreCloneRxSwift.framework in Frameworks */,
			);
			runOnlyForDeploymentPostprocessing = 0;
		};
		F1F7E2632C425C7200DB2A42 /* Frameworks */ = {
			isa = PBXFrameworksBuildPhase;
			buildActionMask = 2147483647;
			files = (
				FD7F31CA7E592005C80DA041 /* Pods_AppStoreCloneRxSwiftTests.framework in Frameworks */,
			);
			runOnlyForDeploymentPostprocessing = 0;
		};
		F1F7E26D2C425C7200DB2A42 /* Frameworks */ = {
			isa = PBXFrameworksBuildPhase;
			buildActionMask = 2147483647;
			files = (
				3B37AD847C5196D8937DBE46 /* Pods_AppStoreCloneRxSwift_AppStoreCloneRxSwiftUITests.framework in Frameworks */,
			);
			runOnlyForDeploymentPostprocessing = 0;
		};
/* End PBXFrameworksBuildPhase section */

/* Begin PBXGroup section */
		07B2068CDE00A3211E3EC478 /* Frameworks */ = {
			isa = PBXGroup;
			children = (
				4BF354BB5B7C0F222D81A1B1 /* Pods_AppStoreCloneRxSwift.framework */,
				6AC23B2AFD76FBD665CC0FD9 /* Pods_AppStoreCloneRxSwift_AppStoreCloneRxSwiftUITests.framework */,
				FD4AF7C9BA7E7031D55924E4 /* Pods_AppStoreCloneRxSwiftTests.framework */,
			);
			name = Frameworks;
			sourceTree = "<group>";
		};
		61FE4E38285674D3B0C70CAF /* Pods */ = {
			isa = PBXGroup;
			children = (
				3AA1BE30BF613C98975F29EF /* Pods-AppStoreCloneRxSwift.debug.xcconfig */,
				161F65F91F50D3036BC5DF23 /* Pods-AppStoreCloneRxSwift.release.xcconfig */,
				F0C64A2A8CB336F817E2DDEF /* Pods-AppStoreCloneRxSwift-AppStoreCloneRxSwiftUITests.debug.xcconfig */,
				15CFE9350690A7C45F62C6C9 /* Pods-AppStoreCloneRxSwift-AppStoreCloneRxSwiftUITests.release.xcconfig */,
				762855110975AD4CFEE06C46 /* Pods-AppStoreCloneRxSwiftTests.debug.xcconfig */,
				6A939C468BDB36D1056CA06F /* Pods-AppStoreCloneRxSwiftTests.release.xcconfig */,
			);
			path = Pods;
			sourceTree = "<group>";
		};
		F113F8BA2C42637200C3BB24 /* Application */ = {
			isa = PBXGroup;
			children = (
				F1F7E2502C425C7100DB2A42 /* AppDelegate.swift */,
				F1F7E2522C425C7100DB2A42 /* SceneDelegate.swift */,
			);
			path = Application;
			sourceTree = "<group>";
		};
		F113F8BB2C42657E00C3BB24 /* Domain */ = {
			isa = PBXGroup;
			children = (
				F113F8C12C42674000C3BB24 /* Entities */,
				F113F8C22C42674B00C3BB24 /* UseCases */,
				F113F8C32C42675400C3BB24 /* Interfaces */,
			);
			path = Domain;
			sourceTree = "<group>";
		};
		F113F8BC2C42659700C3BB24 /* Presentation */ = {
			isa = PBXGroup;
			children = (
				F113F8C52C42678700C3BB24 /* MainScene */,
			);
			path = Presentation;
			sourceTree = "<group>";
		};
		F113F8BD2C4266DC00C3BB24 /* Data */ = {
			isa = PBXGroup;
			children = (
				F113F8C72C42679800C3BB24 /* Repositories */,
				F113F8C82C4267A000C3BB24 /* Network */,
			);
			path = Data;
			sourceTree = "<group>";
		};
		F113F8BE2C4266E100C3BB24 /* Infrastructure */ = {
			isa = PBXGroup;
			children = (
				F113F8C92C4267AD00C3BB24 /* Network */,
				F113F8CA2C4267B300C3BB24 /* Database */,
			);
			path = Infrastructure;
			sourceTree = "<group>";
		};
		F113F8BF2C4266E900C3BB24 /* Util */ = {
			isa = PBXGroup;
			children = (
				F113F8CD2C42685200C3BB24 /* Extention */,
			);
			path = Util;
			sourceTree = "<group>";
		};
		F113F8C02C4266F300C3BB24 /* Resource */ = {
			isa = PBXGroup;
			children = (
				F1F7E2612C425C7200DB2A42 /* Info.plist */,
				F113F8CC2C4267D400C3BB24 /* Asset */,
				F113F8CB2C4267C500C3BB24 /* StoryBoard */,
			);
			path = Resource;
			sourceTree = "<group>";
		};
		F113F8C12C42674000C3BB24 /* Entities */ = {
			isa = PBXGroup;
			children = (
			);
			path = Entities;
			sourceTree = "<group>";
		};
		F113F8C22C42674B00C3BB24 /* UseCases */ = {
			isa = PBXGroup;
			children = (
			);
			path = UseCases;
			sourceTree = "<group>";
		};
		F113F8C32C42675400C3BB24 /* Interfaces */ = {
			isa = PBXGroup;
			children = (
				F113F8C42C42676700C3BB24 /* Repositories */,
			);
			path = Interfaces;
			sourceTree = "<group>";
		};
		F113F8C42C42676700C3BB24 /* Repositories */ = {
			isa = PBXGroup;
			children = (
			);
			path = Repositories;
			sourceTree = "<group>";
		};
		F113F8C52C42678700C3BB24 /* MainScene */ = {
			isa = PBXGroup;
			children = (
				F113F8C62C42679200C3BB24 /* View */,
				F113F8CE2C42687600C3BB24 /* ViewModel */,
			);
			path = MainScene;
			sourceTree = "<group>";
		};
		F113F8C62C42679200C3BB24 /* View */ = {
			isa = PBXGroup;
			children = (
				F1F7E2562C425C7100DB2A42 /* Main.storyboard */,
				F1F7E2542C425C7100DB2A42 /* ViewController.swift */,
			);
			path = View;
			sourceTree = "<group>";
		};
		F113F8C72C42679800C3BB24 /* Repositories */ = {
			isa = PBXGroup;
			children = (
			);
			path = Repositories;
			sourceTree = "<group>";
		};
		F113F8C82C4267A000C3BB24 /* Network */ = {
			isa = PBXGroup;
			children = (
			);
			path = Network;
			sourceTree = "<group>";
		};
		F113F8C92C4267AD00C3BB24 /* Network */ = {
			isa = PBXGroup;
			children = (
			);
			path = Network;
			sourceTree = "<group>";
		};
		F113F8CA2C4267B300C3BB24 /* Database */ = {
			isa = PBXGroup;
			children = (
				F1F7E2592C425C7100DB2A42 /* AppStoreCloneRxSwift.xcdatamodeld */,
			);
			path = Database;
			sourceTree = "<group>";
		};
		F113F8CB2C4267C500C3BB24 /* StoryBoard */ = {
			isa = PBXGroup;
			children = (
				F1F7E25E2C425C7200DB2A42 /* LaunchScreen.storyboard */,
			);
			path = StoryBoard;
			sourceTree = "<group>";
		};
		F113F8CC2C4267D400C3BB24 /* Asset */ = {
			isa = PBXGroup;
			children = (
				F1F7E25C2C425C7200DB2A42 /* Assets.xcassets */,
			);
			path = Asset;
			sourceTree = "<group>";
		};
		F113F8CD2C42685200C3BB24 /* Extention */ = {
			isa = PBXGroup;
			children = (
			);
			path = Extention;
			sourceTree = "<group>";
		};
		F113F8CE2C42687600C3BB24 /* ViewModel */ = {
			isa = PBXGroup;
			children = (
			);
			path = ViewModel;
			sourceTree = "<group>";
		};
		F1F7E2442C425C7100DB2A42 = {
			isa = PBXGroup;
			children = (
				F113F8B82C42635600C3BB24 /* README.md */,
				F1F7E24F2C425C7100DB2A42 /* AppStoreCloneRxSwift */,
				F1F7E2692C425C7200DB2A42 /* AppStoreCloneRxSwiftTests */,
				F1F7E2732C425C7200DB2A42 /* AppStoreCloneRxSwiftUITests */,
				F1F7E24E2C425C7100DB2A42 /* Products */,
				61FE4E38285674D3B0C70CAF /* Pods */,
				07B2068CDE00A3211E3EC478 /* Frameworks */,
			);
			sourceTree = "<group>";
		};
		F1F7E24E2C425C7100DB2A42 /* Products */ = {
			isa = PBXGroup;
			children = (
				F1F7E24D2C425C7100DB2A42 /* AppStoreCloneRxSwift.app */,
				F1F7E2662C425C7200DB2A42 /* AppStoreCloneRxSwiftTests.xctest */,
				F1F7E2702C425C7200DB2A42 /* AppStoreCloneRxSwiftUITests.xctest */,
			);
			name = Products;
			sourceTree = "<group>";
		};
		F1F7E24F2C425C7100DB2A42 /* AppStoreCloneRxSwift */ = {
			isa = PBXGroup;
			children = (
				F113F8BA2C42637200C3BB24 /* Application */,
				F113F8BB2C42657E00C3BB24 /* Domain */,
				F113F8BC2C42659700C3BB24 /* Presentation */,
				F113F8BD2C4266DC00C3BB24 /* Data */,
				F113F8BE2C4266E100C3BB24 /* Infrastructure */,
				F113F8C02C4266F300C3BB24 /* Resource */,
				F113F8BF2C4266E900C3BB24 /* Util */,
			);
			path = AppStoreCloneRxSwift;
			sourceTree = "<group>";
		};
		F1F7E2692C425C7200DB2A42 /* AppStoreCloneRxSwiftTests */ = {
			isa = PBXGroup;
			children = (
				F1F7E26A2C425C7200DB2A42 /* AppStoreCloneRxSwiftTests.swift */,
			);
			path = AppStoreCloneRxSwiftTests;
			sourceTree = "<group>";
		};
		F1F7E2732C425C7200DB2A42 /* AppStoreCloneRxSwiftUITests */ = {
			isa = PBXGroup;
			children = (
				F1F7E2742C425C7200DB2A42 /* AppStoreCloneRxSwiftUITests.swift */,
				F1F7E2762C425C7200DB2A42 /* AppStoreCloneRxSwiftUITestsLaunchTests.swift */,
			);
			path = AppStoreCloneRxSwiftUITests;
			sourceTree = "<group>";
		};
/* End PBXGroup section */

/* Begin PBXNativeTarget section */
		F1F7E24C2C425C7100DB2A42 /* AppStoreCloneRxSwift */ = {
			isa = PBXNativeTarget;
			buildConfigurationList = F1F7E27A2C425C7200DB2A42 /* Build configuration list for PBXNativeTarget "AppStoreCloneRxSwift" */;
			buildPhases = (
				EE31636EBDD43F5FD51B06AE /* [CP] Check Pods Manifest.lock */,
				F1F7E2492C425C7100DB2A42 /* Sources */,
				F1F7E24A2C425C7100DB2A42 /* Frameworks */,
				F1F7E24B2C425C7100DB2A42 /* Resources */,
				9C5C178F94C603D3CB465C4D /* [CP] Embed Pods Frameworks */,
			);
			buildRules = (
			);
			dependencies = (
			);
			name = AppStoreCloneRxSwift;
			productName = AppStoreCloneRxSwift;
			productReference = F1F7E24D2C425C7100DB2A42 /* AppStoreCloneRxSwift.app */;
			productType = "com.apple.product-type.application";
		};
		F1F7E2652C425C7200DB2A42 /* AppStoreCloneRxSwiftTests */ = {
			isa = PBXNativeTarget;
			buildConfigurationList = F1F7E27D2C425C7200DB2A42 /* Build configuration list for PBXNativeTarget "AppStoreCloneRxSwiftTests" */;
			buildPhases = (
				D462518ED09041D3BBE2F2D6 /* [CP] Check Pods Manifest.lock */,
				F1F7E2622C425C7200DB2A42 /* Sources */,
				F1F7E2632C425C7200DB2A42 /* Frameworks */,
				F1F7E2642C425C7200DB2A42 /* Resources */,
			);
			buildRules = (
			);
			dependencies = (
				F1F7E2682C425C7200DB2A42 /* PBXTargetDependency */,
			);
			name = AppStoreCloneRxSwiftTests;
			productName = AppStoreCloneRxSwiftTests;
			productReference = F1F7E2662C425C7200DB2A42 /* AppStoreCloneRxSwiftTests.xctest */;
			productType = "com.apple.product-type.bundle.unit-test";
		};
		F1F7E26F2C425C7200DB2A42 /* AppStoreCloneRxSwiftUITests */ = {
			isa = PBXNativeTarget;
			buildConfigurationList = F1F7E2802C425C7200DB2A42 /* Build configuration list for PBXNativeTarget "AppStoreCloneRxSwiftUITests" */;
			buildPhases = (
				DDF75A95DB74D99B183C141C /* [CP] Check Pods Manifest.lock */,
				F1F7E26C2C425C7200DB2A42 /* Sources */,
				F1F7E26D2C425C7200DB2A42 /* Frameworks */,
				F1F7E26E2C425C7200DB2A42 /* Resources */,
				5A4189FF510AA256B038F263 /* [CP] Embed Pods Frameworks */,
			);
			buildRules = (
			);
			dependencies = (
				F1F7E2722C425C7200DB2A42 /* PBXTargetDependency */,
			);
			name = AppStoreCloneRxSwiftUITests;
			productName = AppStoreCloneRxSwiftUITests;
			productReference = F1F7E2702C425C7200DB2A42 /* AppStoreCloneRxSwiftUITests.xctest */;
			productType = "com.apple.product-type.bundle.ui-testing";
		};
/* End PBXNativeTarget section */

/* Begin PBXProject section */
		F1F7E2452C425C7100DB2A42 /* Project object */ = {
			isa = PBXProject;
			attributes = {
				BuildIndependentTargetsInParallel = 1;
				LastSwiftUpdateCheck = 1520;
				LastUpgradeCheck = 1520;
				TargetAttributes = {
					F1F7E24C2C425C7100DB2A42 = {
						CreatedOnToolsVersion = 15.2;
					};
					F1F7E2652C425C7200DB2A42 = {
						CreatedOnToolsVersion = 15.2;
						TestTargetID = F1F7E24C2C425C7100DB2A42;
					};
					F1F7E26F2C425C7200DB2A42 = {
						CreatedOnToolsVersion = 15.2;
						TestTargetID = F1F7E24C2C425C7100DB2A42;
					};
				};
			};
			buildConfigurationList = F1F7E2482C425C7100DB2A42 /* Build configuration list for PBXProject "AppStoreCloneRxSwift" */;
			compatibilityVersion = "Xcode 14.0";
			developmentRegion = en;
			hasScannedForEncodings = 0;
			knownRegions = (
				en,
				Base,
			);
			mainGroup = F1F7E2442C425C7100DB2A42;
			productRefGroup = F1F7E24E2C425C7100DB2A42 /* Products */;
			projectDirPath = "";
			projectRoot = "";
			targets = (
				F1F7E24C2C425C7100DB2A42 /* AppStoreCloneRxSwift */,
				F1F7E2652C425C7200DB2A42 /* AppStoreCloneRxSwiftTests */,
				F1F7E26F2C425C7200DB2A42 /* AppStoreCloneRxSwiftUITests */,
			);
		};
/* End PBXProject section */

/* Begin PBXResourcesBuildPhase section */
		F1F7E24B2C425C7100DB2A42 /* Resources */ = {
			isa = PBXResourcesBuildPhase;
			buildActionMask = 2147483647;
			files = (
				F1F7E2602C425C7200DB2A42 /* LaunchScreen.storyboard in Resources */,
				F1F7E25D2C425C7200DB2A42 /* Assets.xcassets in Resources */,
				F113F8B92C42635600C3BB24 /* README.md in Resources */,
				F1F7E2582C425C7100DB2A42 /* Main.storyboard in Resources */,
			);
			runOnlyForDeploymentPostprocessing = 0;
		};
		F1F7E2642C425C7200DB2A42 /* Resources */ = {
			isa = PBXResourcesBuildPhase;
			buildActionMask = 2147483647;
			files = (
			);
			runOnlyForDeploymentPostprocessing = 0;
		};
		F1F7E26E2C425C7200DB2A42 /* Resources */ = {
			isa = PBXResourcesBuildPhase;
			buildActionMask = 2147483647;
			files = (
			);
			runOnlyForDeploymentPostprocessing = 0;
		};
/* End PBXResourcesBuildPhase section */

/* Begin PBXShellScriptBuildPhase section */
		5A4189FF510AA256B038F263 /* [CP] Embed Pods Frameworks */ = {
			isa = PBXShellScriptBuildPhase;
			buildActionMask = 2147483647;
			files = (
			);
			inputFileListPaths = (
				"${PODS_ROOT}/Target Support Files/Pods-AppStoreCloneRxSwift-AppStoreCloneRxSwiftUITests/Pods-AppStoreCloneRxSwift-AppStoreCloneRxSwiftUITests-frameworks-${CONFIGURATION}-input-files.xcfilelist",
			);
			name = "[CP] Embed Pods Frameworks";
			outputFileListPaths = (
				"${PODS_ROOT}/Target Support Files/Pods-AppStoreCloneRxSwift-AppStoreCloneRxSwiftUITests/Pods-AppStoreCloneRxSwift-AppStoreCloneRxSwiftUITests-frameworks-${CONFIGURATION}-output-files.xcfilelist",
			);
			runOnlyForDeploymentPostprocessing = 0;
			shellPath = /bin/sh;
			shellScript = "\"${PODS_ROOT}/Target Support Files/Pods-AppStoreCloneRxSwift-AppStoreCloneRxSwiftUITests/Pods-AppStoreCloneRxSwift-AppStoreCloneRxSwiftUITests-frameworks.sh\"\n";
			showEnvVarsInLog = 0;
		};
		9C5C178F94C603D3CB465C4D /* [CP] Embed Pods Frameworks */ = {
			isa = PBXShellScriptBuildPhase;
			buildActionMask = 2147483647;
			files = (
			);
			inputFileListPaths = (
				"${PODS_ROOT}/Target Support Files/Pods-AppStoreCloneRxSwift/Pods-AppStoreCloneRxSwift-frameworks-${CONFIGURATION}-input-files.xcfilelist",
			);
			name = "[CP] Embed Pods Frameworks";
			outputFileListPaths = (
				"${PODS_ROOT}/Target Support Files/Pods-AppStoreCloneRxSwift/Pods-AppStoreCloneRxSwift-frameworks-${CONFIGURATION}-output-files.xcfilelist",
			);
			runOnlyForDeploymentPostprocessing = 0;
			shellPath = /bin/sh;
			shellScript = "\"${PODS_ROOT}/Target Support Files/Pods-AppStoreCloneRxSwift/Pods-AppStoreCloneRxSwift-frameworks.sh\"\n";
			showEnvVarsInLog = 0;
		};
		D462518ED09041D3BBE2F2D6 /* [CP] Check Pods Manifest.lock */ = {
			isa = PBXShellScriptBuildPhase;
			buildActionMask = 2147483647;
			files = (
			);
			inputFileListPaths = (
			);
			inputPaths = (
				"${PODS_PODFILE_DIR_PATH}/Podfile.lock",
				"${PODS_ROOT}/Manifest.lock",
			);
			name = "[CP] Check Pods Manifest.lock";
			outputFileListPaths = (
			);
			outputPaths = (
				"$(DERIVED_FILE_DIR)/Pods-AppStoreCloneRxSwiftTests-checkManifestLockResult.txt",
			);
			runOnlyForDeploymentPostprocessing = 0;
			shellPath = /bin/sh;
			shellScript = "diff \"${PODS_PODFILE_DIR_PATH}/Podfile.lock\" \"${PODS_ROOT}/Manifest.lock\" > /dev/null\nif [ $? != 0 ] ; then\n    # print error to STDERR\n    echo \"error: The sandbox is not in sync with the Podfile.lock. Run 'pod install' or update your CocoaPods installation.\" >&2\n    exit 1\nfi\n# This output is used by Xcode 'outputs' to avoid re-running this script phase.\necho \"SUCCESS\" > \"${SCRIPT_OUTPUT_FILE_0}\"\n";
			showEnvVarsInLog = 0;
		};
		DDF75A95DB74D99B183C141C /* [CP] Check Pods Manifest.lock */ = {
			isa = PBXShellScriptBuildPhase;
			buildActionMask = 2147483647;
			files = (
			);
			inputFileListPaths = (
			);
			inputPaths = (
				"${PODS_PODFILE_DIR_PATH}/Podfile.lock",
				"${PODS_ROOT}/Manifest.lock",
			);
			name = "[CP] Check Pods Manifest.lock";
			outputFileListPaths = (
			);
			outputPaths = (
				"$(DERIVED_FILE_DIR)/Pods-AppStoreCloneRxSwift-AppStoreCloneRxSwiftUITests-checkManifestLockResult.txt",
			);
			runOnlyForDeploymentPostprocessing = 0;
			shellPath = /bin/sh;
			shellScript = "diff \"${PODS_PODFILE_DIR_PATH}/Podfile.lock\" \"${PODS_ROOT}/Manifest.lock\" > /dev/null\nif [ $? != 0 ] ; then\n    # print error to STDERR\n    echo \"error: The sandbox is not in sync with the Podfile.lock. Run 'pod install' or update your CocoaPods installation.\" >&2\n    exit 1\nfi\n# This output is used by Xcode 'outputs' to avoid re-running this script phase.\necho \"SUCCESS\" > \"${SCRIPT_OUTPUT_FILE_0}\"\n";
			showEnvVarsInLog = 0;
		};
		EE31636EBDD43F5FD51B06AE /* [CP] Check Pods Manifest.lock */ = {
			isa = PBXShellScriptBuildPhase;
			buildActionMask = 2147483647;
			files = (
			);
			inputFileListPaths = (
			);
			inputPaths = (
				"${PODS_PODFILE_DIR_PATH}/Podfile.lock",
				"${PODS_ROOT}/Manifest.lock",
			);
			name = "[CP] Check Pods Manifest.lock";
			outputFileListPaths = (
			);
			outputPaths = (
				"$(DERIVED_FILE_DIR)/Pods-AppStoreCloneRxSwift-checkManifestLockResult.txt",
			);
			runOnlyForDeploymentPostprocessing = 0;
			shellPath = /bin/sh;
			shellScript = "diff \"${PODS_PODFILE_DIR_PATH}/Podfile.lock\" \"${PODS_ROOT}/Manifest.lock\" > /dev/null\nif [ $? != 0 ] ; then\n    # print error to STDERR\n    echo \"error: The sandbox is not in sync with the Podfile.lock. Run 'pod install' or update your CocoaPods installation.\" >&2\n    exit 1\nfi\n# This output is used by Xcode 'outputs' to avoid re-running this script phase.\necho \"SUCCESS\" > \"${SCRIPT_OUTPUT_FILE_0}\"\n";
			showEnvVarsInLog = 0;
		};
/* End PBXShellScriptBuildPhase section */

/* Begin PBXSourcesBuildPhase section */
		F1F7E2492C425C7100DB2A42 /* Sources */ = {
			isa = PBXSourcesBuildPhase;
			buildActionMask = 2147483647;
			files = (
				F1F7E2552C425C7100DB2A42 /* ViewController.swift in Sources */,
				F1F7E25B2C425C7100DB2A42 /* AppStoreCloneRxSwift.xcdatamodeld in Sources */,
				F1F7E2512C425C7100DB2A42 /* AppDelegate.swift in Sources */,
				F1F7E2532C425C7100DB2A42 /* SceneDelegate.swift in Sources */,
			);
			runOnlyForDeploymentPostprocessing = 0;
		};
		F1F7E2622C425C7200DB2A42 /* Sources */ = {
			isa = PBXSourcesBuildPhase;
			buildActionMask = 2147483647;
			files = (
				F1F7E26B2C425C7200DB2A42 /* AppStoreCloneRxSwiftTests.swift in Sources */,
			);
			runOnlyForDeploymentPostprocessing = 0;
		};
		F1F7E26C2C425C7200DB2A42 /* Sources */ = {
			isa = PBXSourcesBuildPhase;
			buildActionMask = 2147483647;
			files = (
				F1F7E2772C425C7200DB2A42 /* AppStoreCloneRxSwiftUITestsLaunchTests.swift in Sources */,
				F1F7E2752C425C7200DB2A42 /* AppStoreCloneRxSwiftUITests.swift in Sources */,
			);
			runOnlyForDeploymentPostprocessing = 0;
		};
/* End PBXSourcesBuildPhase section */

/* Begin PBXTargetDependency section */
		F1F7E2682C425C7200DB2A42 /* PBXTargetDependency */ = {
			isa = PBXTargetDependency;
			target = F1F7E24C2C425C7100DB2A42 /* AppStoreCloneRxSwift */;
			targetProxy = F1F7E2672C425C7200DB2A42 /* PBXContainerItemProxy */;
		};
		F1F7E2722C425C7200DB2A42 /* PBXTargetDependency */ = {
			isa = PBXTargetDependency;
			target = F1F7E24C2C425C7100DB2A42 /* AppStoreCloneRxSwift */;
			targetProxy = F1F7E2712C425C7200DB2A42 /* PBXContainerItemProxy */;
		};
/* End PBXTargetDependency section */

/* Begin PBXVariantGroup section */
		F1F7E2562C425C7100DB2A42 /* Main.storyboard */ = {
			isa = PBXVariantGroup;
			children = (
				F1F7E2572C425C7100DB2A42 /* Base */,
			);
			name = Main.storyboard;
			sourceTree = "<group>";
		};
		F1F7E25E2C425C7200DB2A42 /* LaunchScreen.storyboard */ = {
			isa = PBXVariantGroup;
			children = (
				F1F7E25F2C425C7200DB2A42 /* Base */,
			);
			name = LaunchScreen.storyboard;
			sourceTree = "<group>";
		};
/* End PBXVariantGroup section */

/* Begin XCBuildConfiguration section */
		F1F7E2782C425C7200DB2A42 /* Debug */ = {
			isa = XCBuildConfiguration;
			buildSettings = {
				ALWAYS_SEARCH_USER_PATHS = NO;
				ASSETCATALOG_COMPILER_GENERATE_SWIFT_ASSET_SYMBOL_EXTENSIONS = YES;
				CLANG_ANALYZER_NONNULL = YES;
				CLANG_ANALYZER_NUMBER_OBJECT_CONVERSION = YES_AGGRESSIVE;
				CLANG_CXX_LANGUAGE_STANDARD = "gnu++20";
				CLANG_ENABLE_MODULES = YES;
				CLANG_ENABLE_OBJC_ARC = YES;
				CLANG_ENABLE_OBJC_WEAK = YES;
				CLANG_WARN_BLOCK_CAPTURE_AUTORELEASING = YES;
				CLANG_WARN_BOOL_CONVERSION = YES;
				CLANG_WARN_COMMA = YES;
				CLANG_WARN_CONSTANT_CONVERSION = YES;
				CLANG_WARN_DEPRECATED_OBJC_IMPLEMENTATIONS = YES;
				CLANG_WARN_DIRECT_OBJC_ISA_USAGE = YES_ERROR;
				CLANG_WARN_DOCUMENTATION_COMMENTS = YES;
				CLANG_WARN_EMPTY_BODY = YES;
				CLANG_WARN_ENUM_CONVERSION = YES;
				CLANG_WARN_INFINITE_RECURSION = YES;
				CLANG_WARN_INT_CONVERSION = YES;
				CLANG_WARN_NON_LITERAL_NULL_CONVERSION = YES;
				CLANG_WARN_OBJC_IMPLICIT_RETAIN_SELF = YES;
				CLANG_WARN_OBJC_LITERAL_CONVERSION = YES;
				CLANG_WARN_OBJC_ROOT_CLASS = YES_ERROR;
				CLANG_WARN_QUOTED_INCLUDE_IN_FRAMEWORK_HEADER = YES;
				CLANG_WARN_RANGE_LOOP_ANALYSIS = YES;
				CLANG_WARN_STRICT_PROTOTYPES = YES;
				CLANG_WARN_SUSPICIOUS_MOVE = YES;
				CLANG_WARN_UNGUARDED_AVAILABILITY = YES_AGGRESSIVE;
				CLANG_WARN_UNREACHABLE_CODE = YES;
				CLANG_WARN__DUPLICATE_METHOD_MATCH = YES;
				COPY_PHASE_STRIP = NO;
				DEBUG_INFORMATION_FORMAT = dwarf;
				ENABLE_STRICT_OBJC_MSGSEND = YES;
				ENABLE_TESTABILITY = YES;
				ENABLE_USER_SCRIPT_SANDBOXING = YES;
				GCC_C_LANGUAGE_STANDARD = gnu17;
				GCC_DYNAMIC_NO_PIC = NO;
				GCC_NO_COMMON_BLOCKS = YES;
				GCC_OPTIMIZATION_LEVEL = 0;
				GCC_PREPROCESSOR_DEFINITIONS = (
					"DEBUG=1",
					"$(inherited)",
				);
				GCC_WARN_64_TO_32_BIT_CONVERSION = YES;
				GCC_WARN_ABOUT_RETURN_TYPE = YES_ERROR;
				GCC_WARN_UNDECLARED_SELECTOR = YES;
				GCC_WARN_UNINITIALIZED_AUTOS = YES_AGGRESSIVE;
				GCC_WARN_UNUSED_FUNCTION = YES;
				GCC_WARN_UNUSED_VARIABLE = YES;
				IPHONEOS_DEPLOYMENT_TARGET = 14.0;
				LOCALIZATION_PREFERS_STRING_CATALOGS = YES;
				MTL_ENABLE_DEBUG_INFO = INCLUDE_SOURCE;
				MTL_FAST_MATH = YES;
				ONLY_ACTIVE_ARCH = YES;
				SDKROOT = iphoneos;
				SWIFT_ACTIVE_COMPILATION_CONDITIONS = "DEBUG $(inherited)";
				SWIFT_OPTIMIZATION_LEVEL = "-Onone";
			};
			name = Debug;
		};
		F1F7E2792C425C7200DB2A42 /* Release */ = {
			isa = XCBuildConfiguration;
			buildSettings = {
				ALWAYS_SEARCH_USER_PATHS = NO;
				ASSETCATALOG_COMPILER_GENERATE_SWIFT_ASSET_SYMBOL_EXTENSIONS = YES;
				CLANG_ANALYZER_NONNULL = YES;
				CLANG_ANALYZER_NUMBER_OBJECT_CONVERSION = YES_AGGRESSIVE;
				CLANG_CXX_LANGUAGE_STANDARD = "gnu++20";
				CLANG_ENABLE_MODULES = YES;
				CLANG_ENABLE_OBJC_ARC = YES;
				CLANG_ENABLE_OBJC_WEAK = YES;
				CLANG_WARN_BLOCK_CAPTURE_AUTORELEASING = YES;
				CLANG_WARN_BOOL_CONVERSION = YES;
				CLANG_WARN_COMMA = YES;
				CLANG_WARN_CONSTANT_CONVERSION = YES;
				CLANG_WARN_DEPRECATED_OBJC_IMPLEMENTATIONS = YES;
				CLANG_WARN_DIRECT_OBJC_ISA_USAGE = YES_ERROR;
				CLANG_WARN_DOCUMENTATION_COMMENTS = YES;
				CLANG_WARN_EMPTY_BODY = YES;
				CLANG_WARN_ENUM_CONVERSION = YES;
				CLANG_WARN_INFINITE_RECURSION = YES;
				CLANG_WARN_INT_CONVERSION = YES;
				CLANG_WARN_NON_LITERAL_NULL_CONVERSION = YES;
				CLANG_WARN_OBJC_IMPLICIT_RETAIN_SELF = YES;
				CLANG_WARN_OBJC_LITERAL_CONVERSION = YES;
				CLANG_WARN_OBJC_ROOT_CLASS = YES_ERROR;
				CLANG_WARN_QUOTED_INCLUDE_IN_FRAMEWORK_HEADER = YES;
				CLANG_WARN_RANGE_LOOP_ANALYSIS = YES;
				CLANG_WARN_STRICT_PROTOTYPES = YES;
				CLANG_WARN_SUSPICIOUS_MOVE = YES;
				CLANG_WARN_UNGUARDED_AVAILABILITY = YES_AGGRESSIVE;
				CLANG_WARN_UNREACHABLE_CODE = YES;
				CLANG_WARN__DUPLICATE_METHOD_MATCH = YES;
				COPY_PHASE_STRIP = NO;
				DEBUG_INFORMATION_FORMAT = "dwarf-with-dsym";
				ENABLE_NS_ASSERTIONS = NO;
				ENABLE_STRICT_OBJC_MSGSEND = YES;
				ENABLE_USER_SCRIPT_SANDBOXING = YES;
				GCC_C_LANGUAGE_STANDARD = gnu17;
				GCC_NO_COMMON_BLOCKS = YES;
				GCC_WARN_64_TO_32_BIT_CONVERSION = YES;
				GCC_WARN_ABOUT_RETURN_TYPE = YES_ERROR;
				GCC_WARN_UNDECLARED_SELECTOR = YES;
				GCC_WARN_UNINITIALIZED_AUTOS = YES_AGGRESSIVE;
				GCC_WARN_UNUSED_FUNCTION = YES;
				GCC_WARN_UNUSED_VARIABLE = YES;
				IPHONEOS_DEPLOYMENT_TARGET = 14.0;
				LOCALIZATION_PREFERS_STRING_CATALOGS = YES;
				MTL_ENABLE_DEBUG_INFO = NO;
				MTL_FAST_MATH = YES;
				SDKROOT = iphoneos;
				SWIFT_COMPILATION_MODE = wholemodule;
				VALIDATE_PRODUCT = YES;
			};
			name = Release;
		};
		F1F7E27B2C425C7200DB2A42 /* Debug */ = {
			isa = XCBuildConfiguration;
			baseConfigurationReference = 3AA1BE30BF613C98975F29EF /* Pods-AppStoreCloneRxSwift.debug.xcconfig */;
			buildSettings = {
				ASSETCATALOG_COMPILER_APPICON_NAME = AppIcon;
				ASSETCATALOG_COMPILER_GLOBAL_ACCENT_COLOR_NAME = AccentColor;
				CODE_SIGN_STYLE = Automatic;
				CURRENT_PROJECT_VERSION = 1;
				DEVELOPMENT_TEAM = T6CTX325BK;
				GENERATE_INFOPLIST_FILE = YES;
				INFOPLIST_FILE = AppStoreCloneRxSwift/Info.plist;
				INFOPLIST_KEY_UIApplicationSupportsIndirectInputEvents = YES;
				INFOPLIST_KEY_UILaunchStoryboardName = LaunchScreen;
				INFOPLIST_KEY_UIMainStoryboardFile = Main;
				INFOPLIST_KEY_UISupportedInterfaceOrientations_iPad = "UIInterfaceOrientationPortrait UIInterfaceOrientationPortraitUpsideDown UIInterfaceOrientationLandscapeLeft UIInterfaceOrientationLandscapeRight";
				INFOPLIST_KEY_UISupportedInterfaceOrientations_iPhone = "UIInterfaceOrientationPortrait UIInterfaceOrientationLandscapeLeft UIInterfaceOrientationLandscapeRight";
				IPHONEOS_DEPLOYMENT_TARGET = 14.0;
				LD_RUNPATH_SEARCH_PATHS = (
					"$(inherited)",
					"@executable_path/Frameworks",
				);
				MARKETING_VERSION = 1.0;
				PRODUCT_BUNDLE_IDENTIFIER = clapbin78.AppStoreCloneRxSwift;
				PRODUCT_NAME = "$(TARGET_NAME)";
				SWIFT_EMIT_LOC_STRINGS = YES;
				SWIFT_VERSION = 5.0;
				TARGETED_DEVICE_FAMILY = "1,2";
			};
			name = Debug;
		};
		F1F7E27C2C425C7200DB2A42 /* Release */ = {
			isa = XCBuildConfiguration;
			baseConfigurationReference = 161F65F91F50D3036BC5DF23 /* Pods-AppStoreCloneRxSwift.release.xcconfig */;
			buildSettings = {
				ASSETCATALOG_COMPILER_APPICON_NAME = AppIcon;
				ASSETCATALOG_COMPILER_GLOBAL_ACCENT_COLOR_NAME = AccentColor;
				CODE_SIGN_STYLE = Automatic;
				CURRENT_PROJECT_VERSION = 1;
				DEVELOPMENT_TEAM = T6CTX325BK;
				GENERATE_INFOPLIST_FILE = YES;
				INFOPLIST_FILE = AppStoreCloneRxSwift/Info.plist;
				INFOPLIST_KEY_UIApplicationSupportsIndirectInputEvents = YES;
				INFOPLIST_KEY_UILaunchStoryboardName = LaunchScreen;
				INFOPLIST_KEY_UIMainStoryboardFile = Main;
				INFOPLIST_KEY_UISupportedInterfaceOrientations_iPad = "UIInterfaceOrientationPortrait UIInterfaceOrientationPortraitUpsideDown UIInterfaceOrientationLandscapeLeft UIInterfaceOrientationLandscapeRight";
				INFOPLIST_KEY_UISupportedInterfaceOrientations_iPhone = "UIInterfaceOrientationPortrait UIInterfaceOrientationLandscapeLeft UIInterfaceOrientationLandscapeRight";
				IPHONEOS_DEPLOYMENT_TARGET = 14.0;
				LD_RUNPATH_SEARCH_PATHS = (
					"$(inherited)",
					"@executable_path/Frameworks",
				);
				MARKETING_VERSION = 1.0;
				PRODUCT_BUNDLE_IDENTIFIER = clapbin78.AppStoreCloneRxSwift;
				PRODUCT_NAME = "$(TARGET_NAME)";
				SWIFT_EMIT_LOC_STRINGS = YES;
				SWIFT_VERSION = 5.0;
				TARGETED_DEVICE_FAMILY = "1,2";
			};
			name = Release;
		};
		F1F7E27E2C425C7200DB2A42 /* Debug */ = {
			isa = XCBuildConfiguration;
			baseConfigurationReference = 762855110975AD4CFEE06C46 /* Pods-AppStoreCloneRxSwiftTests.debug.xcconfig */;
			buildSettings = {
				ALWAYS_EMBED_SWIFT_STANDARD_LIBRARIES = YES;
				BUNDLE_LOADER = "$(TEST_HOST)";
				CODE_SIGN_STYLE = Automatic;
				CURRENT_PROJECT_VERSION = 1;
				DEVELOPMENT_TEAM = T6CTX325BK;
				GENERATE_INFOPLIST_FILE = YES;
				IPHONEOS_DEPLOYMENT_TARGET = 17.2;
				MARKETING_VERSION = 1.0;
				PRODUCT_BUNDLE_IDENTIFIER = clapbin78.AppStoreCloneRxSwiftTests;
				PRODUCT_NAME = "$(TARGET_NAME)";
				SWIFT_EMIT_LOC_STRINGS = NO;
				SWIFT_VERSION = 5.0;
				TARGETED_DEVICE_FAMILY = "1,2";
				TEST_HOST = "$(BUILT_PRODUCTS_DIR)/AppStoreCloneRxSwift.app/$(BUNDLE_EXECUTABLE_FOLDER_PATH)/AppStoreCloneRxSwift";
			};
			name = Debug;
		};
		F1F7E27F2C425C7200DB2A42 /* Release */ = {
			isa = XCBuildConfiguration;
			baseConfigurationReference = 6A939C468BDB36D1056CA06F /* Pods-AppStoreCloneRxSwiftTests.release.xcconfig */;
			buildSettings = {
				ALWAYS_EMBED_SWIFT_STANDARD_LIBRARIES = YES;
				BUNDLE_LOADER = "$(TEST_HOST)";
				CODE_SIGN_STYLE = Automatic;
				CURRENT_PROJECT_VERSION = 1;
				DEVELOPMENT_TEAM = T6CTX325BK;
				GENERATE_INFOPLIST_FILE = YES;
				IPHONEOS_DEPLOYMENT_TARGET = 17.2;
				MARKETING_VERSION = 1.0;
				PRODUCT_BUNDLE_IDENTIFIER = clapbin78.AppStoreCloneRxSwiftTests;
				PRODUCT_NAME = "$(TARGET_NAME)";
				SWIFT_EMIT_LOC_STRINGS = NO;
				SWIFT_VERSION = 5.0;
				TARGETED_DEVICE_FAMILY = "1,2";
				TEST_HOST = "$(BUILT_PRODUCTS_DIR)/AppStoreCloneRxSwift.app/$(BUNDLE_EXECUTABLE_FOLDER_PATH)/AppStoreCloneRxSwift";
			};
			name = Release;
		};
		F1F7E2812C425C7200DB2A42 /* Debug */ = {
			isa = XCBuildConfiguration;
			baseConfigurationReference = F0C64A2A8CB336F817E2DDEF /* Pods-AppStoreCloneRxSwift-AppStoreCloneRxSwiftUITests.debug.xcconfig */;
			buildSettings = {
				ALWAYS_EMBED_SWIFT_STANDARD_LIBRARIES = YES;
				CODE_SIGN_STYLE = Automatic;
				CURRENT_PROJECT_VERSION = 1;
				DEVELOPMENT_TEAM = T6CTX325BK;
				GENERATE_INFOPLIST_FILE = YES;
				MARKETING_VERSION = 1.0;
				PRODUCT_BUNDLE_IDENTIFIER = clapbin78.AppStoreCloneRxSwiftUITests;
				PRODUCT_NAME = "$(TARGET_NAME)";
				SWIFT_EMIT_LOC_STRINGS = NO;
				SWIFT_VERSION = 5.0;
				TARGETED_DEVICE_FAMILY = "1,2";
				TEST_TARGET_NAME = AppStoreCloneRxSwift;
			};
			name = Debug;
		};
		F1F7E2822C425C7200DB2A42 /* Release */ = {
			isa = XCBuildConfiguration;
			baseConfigurationReference = 15CFE9350690A7C45F62C6C9 /* Pods-AppStoreCloneRxSwift-AppStoreCloneRxSwiftUITests.release.xcconfig */;
			buildSettings = {
				ALWAYS_EMBED_SWIFT_STANDARD_LIBRARIES = YES;
				CODE_SIGN_STYLE = Automatic;
				CURRENT_PROJECT_VERSION = 1;
				DEVELOPMENT_TEAM = T6CTX325BK;
				GENERATE_INFOPLIST_FILE = YES;
				MARKETING_VERSION = 1.0;
				PRODUCT_BUNDLE_IDENTIFIER = clapbin78.AppStoreCloneRxSwiftUITests;
				PRODUCT_NAME = "$(TARGET_NAME)";
				SWIFT_EMIT_LOC_STRINGS = NO;
				SWIFT_VERSION = 5.0;
				TARGETED_DEVICE_FAMILY = "1,2";
				TEST_TARGET_NAME = AppStoreCloneRxSwift;
			};
			name = Release;
		};
/* End XCBuildConfiguration section */

/* Begin XCConfigurationList section */
		F1F7E2482C425C7100DB2A42 /* Build configuration list for PBXProject "AppStoreCloneRxSwift" */ = {
			isa = XCConfigurationList;
			buildConfigurations = (
				F1F7E2782C425C7200DB2A42 /* Debug */,
				F1F7E2792C425C7200DB2A42 /* Release */,
			);
			defaultConfigurationIsVisible = 0;
			defaultConfigurationName = Release;
		};
		F1F7E27A2C425C7200DB2A42 /* Build configuration list for PBXNativeTarget "AppStoreCloneRxSwift" */ = {
			isa = XCConfigurationList;
			buildConfigurations = (
				F1F7E27B2C425C7200DB2A42 /* Debug */,
				F1F7E27C2C425C7200DB2A42 /* Release */,
			);
			defaultConfigurationIsVisible = 0;
			defaultConfigurationName = Release;
		};
		F1F7E27D2C425C7200DB2A42 /* Build configuration list for PBXNativeTarget "AppStoreCloneRxSwiftTests" */ = {
			isa = XCConfigurationList;
			buildConfigurations = (
				F1F7E27E2C425C7200DB2A42 /* Debug */,
				F1F7E27F2C425C7200DB2A42 /* Release */,
			);
			defaultConfigurationIsVisible = 0;
			defaultConfigurationName = Release;
		};
		F1F7E2802C425C7200DB2A42 /* Build configuration list for PBXNativeTarget "AppStoreCloneRxSwiftUITests" */ = {
			isa = XCConfigurationList;
			buildConfigurations = (
				F1F7E2812C425C7200DB2A42 /* Debug */,
				F1F7E2822C425C7200DB2A42 /* Release */,
			);
			defaultConfigurationIsVisible = 0;
			defaultConfigurationName = Release;
		};
/* End XCConfigurationList section */

/* Begin XCVersionGroup section */
		F1F7E2592C425C7100DB2A42 /* AppStoreCloneRxSwift.xcdatamodeld */ = {
			isa = XCVersionGroup;
			children = (
				F1F7E25A2C425C7100DB2A42 /* AppStoreCloneRxSwift.xcdatamodel */,
			);
			currentVersion = F1F7E25A2C425C7100DB2A42 /* AppStoreCloneRxSwift.xcdatamodel */;
			path = AppStoreCloneRxSwift.xcdatamodeld;
			sourceTree = "<group>";
			versionGroupType = wrapper.xcdatamodel;
		};
/* End XCVersionGroup section */
	};
	rootObject = F1F7E2452C425C7100DB2A42 /* Project object */;
}
